
Microsoft Visual Studio Solution File, Format Version 12.00
# Visual Studio Version 16
VisualStudioVersion = 16.0.30204.135
MinimumVisualStudioVersion = 10.0.40219.1
Project("{2150E333-8FDC-42A3-9474-1A3956D46DE8}") = "Jerryow.Common", "Jerryow.Common", "{421942BC-AA50-4A01-9995-71B0CC01C806}"
EndProject
Project("{2150E333-8FDC-42A3-9474-1A3956D46DE8}") = "YJT.Web", "YJT.Web", "{689817D1-6767-4507-B380-B4820898B19F}"
EndProject
Project("{FAE04EC0-301F-11D3-BF4B-00C04F79EFBC}") = "YJT.Web.Admin", "YJT.Web.Admin\YJT.Web.Admin.csproj", "{4EE6C197-D4D6-4FAF-B2EE-7BE57A2F4B48}"
EndProject
Global
	GlobalSection(SolutionConfigurationPlatforms) = preSolution
		Debug|Any CPU = Debug|Any CPU
		Release|Any CPU = Release|Any CPU
	EndGlobalSection
	GlobalSection(ProjectConfigurationPlatforms) = postSolution
		{4EE6C197-D4D6-4FAF-B2EE-7BE57A2F4B48}.Debug|Any CPU.ActiveCfg = Debug|Any CPU
		{4EE6C197-D4D6-4FAF-B2EE-7BE57A2F4B48}.Debug|Any CPU.Build.0 = Debug|Any CPU
		{4EE6C197-D4D6-4FAF-B2EE-7BE57A2F4B48}.Release|Any CPU.ActiveCfg = Release|Any CPU
		{4EE6C197-D4D6-4FAF-B2EE-7BE57A2F4B48}.Release|Any CPU.Build.0 = Release|Any CPU
	EndGlobalSection
	GlobalSection(SolutionProperties) = preSolution
		HideSolutionNode = FALSE
	EndGlobalSection
	GlobalSection(NestedProjects) = preSolution
		{4EE6C197-D4D6-4FAF-B2EE-7BE57A2F4B48} = {689817D1-6767-4507-B380-B4820898B19F}
	EndGlobalSection
	GlobalSection(ExtensibilityGlobals) = postSolution
		SolutionGuid = {CF4FF598-FFB8-4E3C-A8EF-554C75580A6C}
	EndGlobalSection
EndGlobal
